// !$*UTF8*$!
{
	archiveVersion = 1;
	classes = {
	};
	objectVersion = 51;
	objects = {

/* Begin PBXBuildFile section */
		4E6C83F9263CFB1E005BFCDF /* AppDelegate.swift in Sources */ = {isa = PBXBuildFile; fileRef = 4E6C83F8263CFB1E005BFCDF /* AppDelegate.swift */; };
		4E6C83FB263CFB1E005BFCDF /* SceneDelegate.swift in Sources */ = {isa = PBXBuildFile; fileRef = 4E6C83FA263CFB1E005BFCDF /* SceneDelegate.swift */; };
		4E6C83FD263CFB1E005BFCDF /* ViewController.swift in Sources */ = {isa = PBXBuildFile; fileRef = 4E6C83FC263CFB1E005BFCDF /* ViewController.swift */; };
		4E6C8400263CFB1E005BFCDF /* Main.storyboard in Resources */ = {isa = PBXBuildFile; fileRef = 4E6C83FE263CFB1E005BFCDF /* Main.storyboard */; };
		4E6C8402263CFB22005BFCDF /* Assets.xcassets in Resources */ = {isa = PBXBuildFile; fileRef = 4E6C8401263CFB22005BFCDF /* Assets.xcassets */; };
		4E6C8405263CFB22005BFCDF /* LaunchScreen.storyboard in Resources */ = {isa = PBXBuildFile; fileRef = 4E6C8403263CFB22005BFCDF /* LaunchScreen.storyboard */; };
		4E6C840E263D080E005BFCDF /* OtetsudaiSentakuViewController.swift in Sources */ = {isa = PBXBuildFile; fileRef = 4E6C840D263D080D005BFCDF /* OtetsudaiSentakuViewController.swift */; };
		4E890F7B26B6379D006B65B4 /* CalenderViewController.swift in Sources */ = {isa = PBXBuildFile; fileRef = 4E890F7A26B6379D006B65B4 /* CalenderViewController.swift */; };
		4ED3870A263D451500571419 /* CheckBox.swift in Sources */ = {isa = PBXBuildFile; fileRef = 4ED38709263D451500571419 /* CheckBox.swift */; };
		9D24EA67266342B6008A3393 /* inputOtetsudaiTableViewCell.swift in Sources */ = {isa = PBXBuildFile; fileRef = 9D24EA66266342B6008A3393 /* inputOtetsudaiTableViewCell.swift */; };
		C64A4CA78F73DE1841DE1D99 /* Pods_Otetsudai_storyboard.framework in Frameworks */ = {isa = PBXBuildFile; fileRef = 3B074DDE14D036A7FDD27332 /* Pods_Otetsudai_storyboard.framework */; };
/* End PBXBuildFile section */

/* Begin PBXFileReference section */
		2B330642F1572318E47E0228 /* Pods-Otetsudai_storyboard.release.xcconfig */ = {isa = PBXFileReference; includeInIndex = 1; lastKnownFileType = text.xcconfig; name = "Pods-Otetsudai_storyboard.release.xcconfig"; path = "Target Support Files/Pods-Otetsudai_storyboard/Pods-Otetsudai_storyboard.release.xcconfig"; sourceTree = "<group>"; };
		3B074DDE14D036A7FDD27332 /* Pods_Otetsudai_storyboard.framework */ = {isa = PBXFileReference; explicitFileType = wrapper.framework; includeInIndex = 0; path = Pods_Otetsudai_storyboard.framework; sourceTree = BUILT_PRODUCTS_DIR; };
		4E6C83F5263CFB1E005BFCDF /* Otetsudai_storyboard.app */ = {isa = PBXFileReference; explicitFileType = wrapper.application; includeInIndex = 0; path = Otetsudai_storyboard.app; sourceTree = BUILT_PRODUCTS_DIR; };
		4E6C83F8263CFB1E005BFCDF /* AppDelegate.swift */ = {isa = PBXFileReference; lastKnownFileType = sourcecode.swift; path = AppDelegate.swift; sourceTree = "<group>"; };
		4E6C83FA263CFB1E005BFCDF /* SceneDelegate.swift */ = {isa = PBXFileReference; lastKnownFileType = sourcecode.swift; path = SceneDelegate.swift; sourceTree = "<group>"; };
		4E6C83FC263CFB1E005BFCDF /* ViewController.swift */ = {isa = PBXFileReference; lastKnownFileType = sourcecode.swift; path = ViewController.swift; sourceTree = "<group>"; };
		4E6C83FF263CFB1E005BFCDF /* Base */ = {isa = PBXFileReference; lastKnownFileType = file.storyboard; name = Base; path = Base.lproj/Main.storyboard; sourceTree = "<group>"; };
		4E6C8401263CFB22005BFCDF /* Assets.xcassets */ = {isa = PBXFileReference; lastKnownFileType = folder.assetcatalog; path = Assets.xcassets; sourceTree = "<group>"; };
		4E6C8404263CFB22005BFCDF /* Base */ = {isa = PBXFileReference; lastKnownFileType = file.storyboard; name = Base; path = Base.lproj/LaunchScreen.storyboard; sourceTree = "<group>"; };
		4E6C8406263CFB22005BFCDF /* Info.plist */ = {isa = PBXFileReference; lastKnownFileType = text.plist.xml; path = Info.plist; sourceTree = "<group>"; };
		4E6C840D263D080D005BFCDF /* OtetsudaiSentakuViewController.swift */ = {isa = PBXFileReference; lastKnownFileType = sourcecode.swift; path = OtetsudaiSentakuViewController.swift; sourceTree = "<group>"; };
		4E890F7A26B6379D006B65B4 /* CalenderViewController.swift */ = {isa = PBXFileReference; lastKnownFileType = sourcecode.swift; path = CalenderViewController.swift; sourceTree = "<group>"; };
		4ED38709263D451500571419 /* CheckBox.swift */ = {isa = PBXFileReference; lastKnownFileType = sourcecode.swift; path = CheckBox.swift; sourceTree = "<group>"; };
		7661C71D37E155C4E95354FB /* Pods-Otetsudai_storyboard.debug.xcconfig */ = {isa = PBXFileReference; includeInIndex = 1; lastKnownFileType = text.xcconfig; name = "Pods-Otetsudai_storyboard.debug.xcconfig"; path = "Target Support Files/Pods-Otetsudai_storyboard/Pods-Otetsudai_storyboard.debug.xcconfig"; sourceTree = "<group>"; };
		9D24EA66266342B6008A3393 /* inputOtetsudaiTableViewCell.swift */ = {isa = PBXFileReference; lastKnownFileType = sourcecode.swift; path = inputOtetsudaiTableViewCell.swift; sourceTree = "<group>"; };
/* End PBXFileReference section */

/* Begin PBXFrameworksBuildPhase section */
		4E6C83F2263CFB1E005BFCDF /* Frameworks */ = {
			isa = PBXFrameworksBuildPhase;
			buildActionMask = 2147483647;
			files = (
				C64A4CA78F73DE1841DE1D99 /* Pods_Otetsudai_storyboard.framework in Frameworks */,
			);
			runOnlyForDeploymentPostprocessing = 0;
		};
/* End PBXFrameworksBuildPhase section */

/* Begin PBXGroup section */
		4E6C83EC263CFB1E005BFCDF = {
			isa = PBXGroup;
			children = (
				4ED38709263D451500571419 /* CheckBox.swift */,
				4E6C83F7263CFB1E005BFCDF /* Otetsudai_storyboard */,
				4E6C83F6263CFB1E005BFCDF /* Products */,
				BA944B732D1F43AD6CAA07FA /* Pods */,
				7B6183375E1BAA51474BA7C1 /* Frameworks */,
			);
			sourceTree = "<group>";
		};
		4E6C83F6263CFB1E005BFCDF /* Products */ = {
			isa = PBXGroup;
			children = (
				4E6C83F5263CFB1E005BFCDF /* Otetsudai_storyboard.app */,
			);
			name = Products;
			sourceTree = "<group>";
		};
		4E6C83F7263CFB1E005BFCDF /* Otetsudai_storyboard */ = {
			isa = PBXGroup;
			children = (
				4E890F7A26B6379D006B65B4 /* CalenderViewController.swift */,
				4E6C83F8263CFB1E005BFCDF /* AppDelegate.swift */,
				4E6C83FA263CFB1E005BFCDF /* SceneDelegate.swift */,
				4E6C83FC263CFB1E005BFCDF /* ViewController.swift */,
				4E6C840D263D080D005BFCDF /* OtetsudaiSentakuViewController.swift */,
				4E6C83FE263CFB1E005BFCDF /* Main.storyboard */,
				4E6C8401263CFB22005BFCDF /* Assets.xcassets */,
				4E6C8403263CFB22005BFCDF /* LaunchScreen.storyboard */,
				4E6C8406263CFB22005BFCDF /* Info.plist */,
				9D24EA66266342B6008A3393 /* inputOtetsudaiTableViewCell.swift */,
			);
			path = Otetsudai_storyboard;
			sourceTree = "<group>";
		};
		7B6183375E1BAA51474BA7C1 /* Frameworks */ = {
			isa = PBXGroup;
			children = (
				3B074DDE14D036A7FDD27332 /* Pods_Otetsudai_storyboard.framework */,
			);
			name = Frameworks;
			sourceTree = "<group>";
		};
		BA944B732D1F43AD6CAA07FA /* Pods */ = {
			isa = PBXGroup;
			children = (
				7661C71D37E155C4E95354FB /* Pods-Otetsudai_storyboard.debug.xcconfig */,
				2B330642F1572318E47E0228 /* Pods-Otetsudai_storyboard.release.xcconfig */,
			);
			path = Pods;
			sourceTree = "<group>";
		};
/* End PBXGroup section */

/* Begin PBXNativeTarget section */
		4E6C83F4263CFB1E005BFCDF /* Otetsudai_storyboard */ = {
			isa = PBXNativeTarget;
			buildConfigurationList = 4E6C8409263CFB22005BFCDF /* Build configuration list for PBXNativeTarget "Otetsudai_storyboard" */;
			buildPhases = (
				A01F911F01A56F3F6C492B81 /* [CP] Check Pods Manifest.lock */,
				4E6C83F1263CFB1E005BFCDF /* Sources */,
				4E6C83F2263CFB1E005BFCDF /* Frameworks */,
				4E6C83F3263CFB1E005BFCDF /* Resources */,
				8D80F08F086627BCD3D88D68 /* [CP] Embed Pods Frameworks */,
			);
			buildRules = (
			);
			dependencies = (
			);
			name = Otetsudai_storyboard;
			productName = Otetsudai_storyboard;
			productReference = 4E6C83F5263CFB1E005BFCDF /* Otetsudai_storyboard.app */;
			productType = "com.apple.product-type.application";
		};
/* End PBXNativeTarget section */

/* Begin PBXProject section */
		4E6C83ED263CFB1E005BFCDF /* Project object */ = {
			isa = PBXProject;
			attributes = {
				LastSwiftUpdateCheck = 1210;
				LastUpgradeCheck = 1210;
				TargetAttributes = {
					4E6C83F4263CFB1E005BFCDF = {
						CreatedOnToolsVersion = 12.1;
					};
				};
			};
			buildConfigurationList = 4E6C83F0263CFB1E005BFCDF /* Build configuration list for PBXProject "Otetsudai_storyboard" */;
			compatibilityVersion = "Xcode 9.3";
			developmentRegion = en;
			hasScannedForEncodings = 0;
			knownRegions = (
				en,
				Base,
			);
			mainGroup = 4E6C83EC263CFB1E005BFCDF;
			productRefGroup = 4E6C83F6263CFB1E005BFCDF /* Products */;
			projectDirPath = "";
			projectRoot = "";
			targets = (
				4E6C83F4263CFB1E005BFCDF /* Otetsudai_storyboard */,
			);
		};
/* End PBXProject section */

/* Begin PBXResourcesBuildPhase section */
		4E6C83F3263CFB1E005BFCDF /* Resources */ = {
			isa = PBXResourcesBuildPhase;
			buildActionMask = 2147483647;
			files = (
				4E6C8405263CFB22005BFCDF /* LaunchScreen.storyboard in Resources */,
				4E6C8402263CFB22005BFCDF /* Assets.xcassets in Resources */,
				4E6C8400263CFB1E005BFCDF /* Main.storyboard in Resources */,
			);
			runOnlyForDeploymentPostprocessing = 0;
		};
/* End PBXResourcesBuildPhase section */

/* Begin PBXShellScriptBuildPhase section */
		8D80F08F086627BCD3D88D68 /* [CP] Embed Pods Frameworks */ = {
			isa = PBXShellScriptBuildPhase;
			buildActionMask = 2147483647;
			files = (
			);
			inputFileListPaths = (
				"${PODS_ROOT}/Target Support Files/Pods-Otetsudai_storyboard/Pods-Otetsudai_storyboard-frameworks-${CONFIGURATION}-input-files.xcfilelist",
			);
			name = "[CP] Embed Pods Frameworks";
			outputFileListPaths = (
				"${PODS_ROOT}/Target Support Files/Pods-Otetsudai_storyboard/Pods-Otetsudai_storyboard-frameworks-${CONFIGURATION}-output-files.xcfilelist",
			);
			runOnlyForDeploymentPostprocessing = 0;
			shellPath = /bin/sh;
			shellScript = "\"${PODS_ROOT}/Target Support Files/Pods-Otetsudai_storyboard/Pods-Otetsudai_storyboard-frameworks.sh\"\n";
			showEnvVarsInLog = 0;
		};
		A01F911F01A56F3F6C492B81 /* [CP] Check Pods Manifest.lock */ = {
			isa = PBXShellScriptBuildPhase;
			buildActionMask = 2147483647;
			files = (
			);
			inputFileListPaths = (
			);
			inputPaths = (
				"${PODS_PODFILE_DIR_PATH}/Podfile.lock",
				"${PODS_ROOT}/Manifest.lock",
			);
			name = "[CP] Check Pods Manifest.lock";
			outputFileListPaths = (
			);
			outputPaths = (
				"$(DERIVED_FILE_DIR)/Pods-Otetsudai_storyboard-checkManifestLockResult.txt",
			);
			runOnlyForDeploymentPostprocessing = 0;
			shellPath = /bin/sh;
			shellScript = "diff \"${PODS_PODFILE_DIR_PATH}/Podfile.lock\" \"${PODS_ROOT}/Manifest.lock\" > /dev/null\nif [ $? != 0 ] ; then\n    # print error to STDERR\n    echo \"error: The sandbox is not in sync with the Podfile.lock. Run 'pod install' or update your CocoaPods installation.\" >&2\n    exit 1\nfi\n# This output is used by Xcode 'outputs' to avoid re-running this script phase.\necho \"SUCCESS\" > \"${SCRIPT_OUTPUT_FILE_0}\"\n";
			showEnvVarsInLog = 0;
		};
/* End PBXShellScriptBuildPhase section */

/* Begin PBXSourcesBuildPhase section */
		4E6C83F1263CFB1E005BFCDF /* Sources */ = {
			isa = PBXSourcesBuildPhase;
			buildActionMask = 2147483647;
			files = (
				4E890F7B26B6379D006B65B4 /* CalenderViewController.swift in Sources */,
				4E6C83FD263CFB1E005BFCDF /* ViewController.swift in Sources */,
				4E6C83F9263CFB1E005BFCDF /* AppDelegate.swift in Sources */,
				4E6C83FB263CFB1E005BFCDF /* SceneDelegate.swift in Sources */,
				4E6C840E263D080E005BFCDF /* OtetsudaiSentakuViewController.swift in Sources */,
				4ED3870A263D451500571419 /* CheckBox.swift in Sources */,
				9D24EA67266342B6008A3393 /* inputOtetsudaiTableViewCell.swift in Sources */,
			);
			runOnlyForDeploymentPostprocessing = 0;
		};
/* End PBXSourcesBuildPhase section */

/* Begin PBXVariantGroup section */
		4E6C83FE263CFB1E005BFCDF /* Main.storyboard */ = {
			isa = PBXVariantGroup;
			children = (
				4E6C83FF263CFB1E005BFCDF /* Base */,
			);
			name = Main.storyboard;
			sourceTree = "<group>";
		};
		4E6C8403263CFB22005BFCDF /* LaunchScreen.storyboard */ = {
			isa = PBXVariantGroup;
			children = (
				4E6C8404263CFB22005BFCDF /* Base */,
			);
			name = LaunchScreen.storyboard;
			sourceTree = "<group>";
		};
/* End PBXVariantGroup section */

/* Begin XCBuildConfiguration section */
		4E6C8407263CFB22005BFCDF /* Debug */ = {
			isa = XCBuildConfiguration;
			buildSettings = {
				ALWAYS_SEARCH_USER_PATHS = NO;
				CLANG_ANALYZER_NONNULL = YES;
				CLANG_ANALYZER_NUMBER_OBJECT_CONVERSION = YES_AGGRESSIVE;
				CLANG_CXX_LANGUAGE_STANDARD = "gnu++14";
				CLANG_CXX_LIBRARY = "libc++";
				CLANG_ENABLE_MODULES = YES;
				CLANG_ENABLE_OBJC_ARC = YES;
				CLANG_ENABLE_OBJC_WEAK = YES;
				CLANG_WARN_BLOCK_CAPTURE_AUTORELEASING = YES;
				CLANG_WARN_BOOL_CONVERSION = YES;
				CLANG_WARN_COMMA = YES;
				CLANG_WARN_CONSTANT_CONVERSION = YES;
				CLANG_WARN_DEPRECATED_OBJC_IMPLEMENTATIONS = YES;
				CLANG_WARN_DIRECT_OBJC_ISA_USAGE = YES_ERROR;
				CLANG_WARN_DOCUMENTATION_COMMENTS = YES;
				CLANG_WARN_EMPTY_BODY = YES;
				CLANG_WARN_ENUM_CONVERSION = YES;
				CLANG_WARN_INFINITE_RECURSION = YES;
				CLANG_WARN_INT_CONVERSION = YES;
				CLANG_WARN_NON_LITERAL_NULL_CONVERSION = YES;
				CLANG_WARN_OBJC_IMPLICIT_RETAIN_SELF = YES;
				CLANG_WARN_OBJC_LITERAL_CONVERSION = YES;
				CLANG_WARN_OBJC_ROOT_CLASS = YES_ERROR;
				CLANG_WARN_QUOTED_INCLUDE_IN_FRAMEWORK_HEADER = YES;
				CLANG_WARN_RANGE_LOOP_ANALYSIS = YES;
				CLANG_WARN_STRICT_PROTOTYPES = YES;
				CLANG_WARN_SUSPICIOUS_MOVE = YES;
				CLANG_WARN_UNGUARDED_AVAILABILITY = YES_AGGRESSIVE;
				CLANG_WARN_UNREACHABLE_CODE = YES;
				CLANG_WARN__DUPLICATE_METHOD_MATCH = YES;
				COPY_PHASE_STRIP = NO;
				DEBUG_INFORMATION_FORMAT = dwarf;
				ENABLE_STRICT_OBJC_MSGSEND = YES;
				ENABLE_TESTABILITY = YES;
				GCC_C_LANGUAGE_STANDARD = gnu11;
				GCC_DYNAMIC_NO_PIC = NO;
				GCC_NO_COMMON_BLOCKS = YES;
				GCC_OPTIMIZATION_LEVEL = 0;
				GCC_PREPROCESSOR_DEFINITIONS = (
					"DEBUG=1",
					"$(inherited)",
				);
				GCC_WARN_64_TO_32_BIT_CONVERSION = YES;
				GCC_WARN_ABOUT_RETURN_TYPE = YES_ERROR;
				GCC_WARN_UNDECLARED_SELECTOR = YES;
				GCC_WARN_UNINITIALIZED_AUTOS = YES_AGGRESSIVE;
				GCC_WARN_UNUSED_FUNCTION = YES;
				GCC_WARN_UNUSED_VARIABLE = YES;
				IPHONEOS_DEPLOYMENT_TARGET = 14.1;
				MTL_ENABLE_DEBUG_INFO = INCLUDE_SOURCE;
				MTL_FAST_MATH = YES;
				ONLY_ACTIVE_ARCH = YES;
				SDKROOT = iphoneos;
				SWIFT_ACTIVE_COMPILATION_CONDITIONS = DEBUG;
				SWIFT_OPTIMIZATION_LEVEL = "-Onone";
			};
			name = Debug;
		};
		4E6C8408263CFB22005BFCDF /* Release */ = {
			isa = XCBuildConfiguration;
			buildSettings = {
				ALWAYS_SEARCH_USER_PATHS = NO;
				CLANG_ANALYZER_NONNULL = YES;
				CLANG_ANALYZER_NUMBER_OBJECT_CONVERSION = YES_AGGRESSIVE;
				CLANG_CXX_LANGUAGE_STANDARD = "gnu++14";
				CLANG_CXX_LIBRARY = "libc++";
				CLANG_ENABLE_MODULES = YES;
				CLANG_ENABLE_OBJC_ARC = YES;
				CLANG_ENABLE_OBJC_WEAK = YES;
				CLANG_WARN_BLOCK_CAPTURE_AUTORELEASING = YES;
				CLANG_WARN_BOOL_CONVERSION = YES;
				CLANG_WARN_COMMA = YES;
				CLANG_WARN_CONSTANT_CONVERSION = YES;
				CLANG_WARN_DEPRECATED_OBJC_IMPLEMENTATIONS = YES;
				CLANG_WARN_DIRECT_OBJC_ISA_USAGE = YES_ERROR;
				CLANG_WARN_DOCUMENTATION_COMMENTS = YES;
				CLANG_WARN_EMPTY_BODY = YES;
				CLANG_WARN_ENUM_CONVERSION = YES;
				CLANG_WARN_INFINITE_RECURSION = YES;
				CLANG_WARN_INT_CONVERSION = YES;
				CLANG_WARN_NON_LITERAL_NULL_CONVERSION = YES;
				CLANG_WARN_OBJC_IMPLICIT_RETAIN_SELF = YES;
				CLANG_WARN_OBJC_LITERAL_CONVERSION = YES;
				CLANG_WARN_OBJC_ROOT_CLASS = YES_ERROR;
				CLANG_WARN_QUOTED_INCLUDE_IN_FRAMEWORK_HEADER = YES;
				CLANG_WARN_RANGE_LOOP_ANALYSIS = YES;
				CLANG_WARN_STRICT_PROTOTYPES = YES;
				CLANG_WARN_SUSPICIOUS_MOVE = YES;
				CLANG_WARN_UNGUARDED_AVAILABILITY = YES_AGGRESSIVE;
				CLANG_WARN_UNREACHABLE_CODE = YES;
				CLANG_WARN__DUPLICATE_METHOD_MATCH = YES;
				COPY_PHASE_STRIP = NO;
				DEBUG_INFORMATION_FORMAT = "dwarf-with-dsym";
				ENABLE_NS_ASSERTIONS = NO;
				ENABLE_STRICT_OBJC_MSGSEND = YES;
				GCC_C_LANGUAGE_STANDARD = gnu11;
				GCC_NO_COMMON_BLOCKS = YES;
				GCC_WARN_64_TO_32_BIT_CONVERSION = YES;
				GCC_WARN_ABOUT_RETURN_TYPE = YES_ERROR;
				GCC_WARN_UNDECLARED_SELECTOR = YES;
				GCC_WARN_UNINITIALIZED_AUTOS = YES_AGGRESSIVE;
				GCC_WARN_UNUSED_FUNCTION = YES;
				GCC_WARN_UNUSED_VARIABLE = YES;
				IPHONEOS_DEPLOYMENT_TARGET = 14.1;
				MTL_ENABLE_DEBUG_INFO = NO;
				MTL_FAST_MATH = YES;
				SDKROOT = iphoneos;
				SWIFT_COMPILATION_MODE = wholemodule;
				SWIFT_OPTIMIZATION_LEVEL = "-O";
				VALIDATE_PRODUCT = YES;
			};
			name = Release;
		};
		4E6C840A263CFB22005BFCDF /* Debug */ = {
			isa = XCBuildConfiguration;
			baseConfigurationReference = 7661C71D37E155C4E95354FB /* Pods-Otetsudai_storyboard.debug.xcconfig */;
			buildSettings = {
				ASSETCATALOG_COMPILER_APPICON_NAME = AppIcon;
				ASSETCATALOG_COMPILER_GLOBAL_ACCENT_COLOR_NAME = AccentColor;
				CODE_SIGN_STYLE = Automatic;
				DEVELOPMENT_TEAM = LA98PPL2G6;
				INFOPLIST_FILE = Otetsudai_storyboard/Info.plist;
				LD_RUNPATH_SEARCH_PATHS = (
					"$(inherited)",
					"@executable_path/Frameworks",
				);
				PRODUCT_BUNDLE_IDENTIFIER = "Yusuke-Murase.Otetsudai-storyboard";
				PRODUCT_NAME = "$(TARGET_NAME)";
				SWIFT_VERSION = 5.0;
				TARGETED_DEVICE_FAMILY = "1,2";
			};
			name = Debug;
		};
		4E6C840B263CFB22005BFCDF /* Release */ = {
			isa = XCBuildConfiguration;
			baseConfigurationReference = 2B330642F1572318E47E0228 /* Pods-Otetsudai_storyboard.release.xcconfig */;
			buildSettings = {
				ASSETCATALOG_COMPILER_APPICON_NAME = AppIcon;
				ASSETCATALOG_COMPILER_GLOBAL_ACCENT_COLOR_NAME = AccentColor;
				CODE_SIGN_STYLE = Automatic;
				DEVELOPMENT_TEAM = LA98PPL2G6;
				INFOPLIST_FILE = Otetsudai_storyboard/Info.plist;
				LD_RUNPATH_SEARCH_PATHS = (
					"$(inherited)",
					"@executable_path/Frameworks",
				);
				PRODUCT_BUNDLE_IDENTIFIER = "Yusuke-Murase.Otetsudai-storyboard";
				PRODUCT_NAME = "$(TARGET_NAME)";
				SWIFT_VERSION = 5.0;
				TARGETED_DEVICE_FAMILY = "1,2";
			};
			name = Release;
		};
/* End XCBuildConfiguration section */

/* Begin XCConfigurationList section */
		4E6C83F0263CFB1E005BFCDF /* Build configuration list for PBXProject "Otetsudai_storyboard" */ = {
			isa = XCConfigurationList;
			buildConfigurations = (
				4E6C8407263CFB22005BFCDF /* Debug */,
				4E6C8408263CFB22005BFCDF /* Release */,
			);
			defaultConfigurationIsVisible = 0;
			defaultConfigurationName = Release;
		};
		4E6C8409263CFB22005BFCDF /* Build configuration list for PBXNativeTarget "Otetsudai_storyboard" */ = {
			isa = XCConfigurationList;
			buildConfigurations = (
				4E6C840A263CFB22005BFCDF /* Debug */,
				4E6C840B263CFB22005BFCDF /* Release */,
			);
			defaultConfigurationIsVisible = 0;
			defaultConfigurationName = Release;
		};
/* End XCConfigurationList section */
	};
	rootObject = 4E6C83ED263CFB1E005BFCDF /* Project object */;
}
